type: vertical-stack
cards:

  - type: horizontal-stack
    cards:
    
      - type: custom:button-card
        template: shoulder_blank_card  
    
      - type: custom:decluttering-card
        template: markdown
        variables:
          - content: "# {{states['sensor.time'].state}}"
    
      - type: custom:button-card
        template: shoulder_blank_card
        

  - !include /config/lovelace/styles/separator_card.yaml