type: vertical-stack
cards:

  - type: horizontal-stack
    cards:
        
      - type: custom:clock-card
        style: |
          ha-card {
            border-radius: var(--border-radius);
            overflow: hidden;
          }

      # - type: custom:vertical-stack-in-card
      #   cards:

      #     - type: custom:bignumber-card
      #       style: |
      #         ha-card {
      #           border-radius: var(--border-radius);
      #           overflow: hidden;
      #           text-align: left;
      #           padding-left: 16px;
      #         }
      #       title: ""
      #       entity: sensor.time
      #       scale: 35px

  - !include /config/lovelace/styles/separator_card.yaml